{
  "requires": true,
  "lockfileVersion": 1,
  "dependencies": {
    "blueimp-canvas-to-blob": {
      "version": "3.14.0",
      "resolved": "https://registry.npmjs.org/blueimp-canvas-to-blob/-/blueimp-canvas-to-blob-3.14.0.tgz",
      "integrity": "sha512-i6I2CiX1VR8YwUNYBo+dM8tg89ns4TTHxSpWjaDeHKcYS3yFalpLCwDaY21/EsJMufLy2tnG4j0JN5L8OVNkKQ=="
    },
    "exif-js": {
      "version": "2.3.0",
      "resolved": "https://registry.npmjs.org/exif-js/-/exif-js-2.3.0.tgz",
      "integrity": "sha1-nRCBm/Vx+HOBPnZAJBJVq5zhqBQ="
    },
    "vue": {
      "version": "2.5.22",
      "resolved": "https://registry.npmjs.org/vue/-/vue-2.5.22.tgz",
      "integrity": "sha512-pxY3ZHlXNJMFQbkjEgGVMaMMkSV1ONpz+4qB55kZuJzyJOhn6MSy/YZdzhdnumegNzVTL/Dn3Pp4UrVBYt1j/g=="
    },
    "vue-image-upload-resize": {
      "version": "2.0.3",
      "resolved": "https://registry.npmjs.org/vue-image-upload-resize/-/vue-image-upload-resize-2.0.3.tgz",
      "integrity": "sha512-W2HenuzAB6TAl4+wI5bWVYp5zi+K3WLE/rARQoH3AZ1Qb15tdk8Smh+9+CmCGoR+HAZvOK29ffLeIFlZpXWwmg==",
      "requires": {
        "blueimp-canvas-to-blob": "^3.14.0",
        "exif-js": "^2.3.0",
        "vue": "^2.5.17"
      }
    }
  }
}
